# This file was autogenerated by uv via the following command:
#    uv pip compile pyproject.toml -o requirements.lock
anyio==4.14.2
    # via httpx
certifi==2026.6.17
    # via
    #   httpcore
    #   httpx
h11==0.16.0
    # via httpcore
httpcore==1.0.9
    # via httpx
httpx==0.28.1
    # via clyde (pyproject.toml)
idna==3.18
    # via
    #   anyio
    #   httpx
markdown-it-py==4.2.0
    # via rich
mdurl==0.1.2
    # via markdown-it-py
prompt-toolkit==3.0.52
    # via clyde (pyproject.toml)
pygments==2.20.0
    # via rich
rich==15.0.0
    # via clyde (pyproject.toml)
typing-extensions==4.16.0
    # via anyio
wcwidth==0.8.2
    # via prompt-toolkit
